
Microsoft Visual Studio Solution File, Format Version 12.00
# Visual Studio Version 17
VisualStudioVersion = 17.13.35919.96 d17.13
MinimumVisualStudioVersion = 10.0.40219.1
Project("{FAE04EC0-301F-11D3-BF4B-00C04F79EFBC}") = "atividade-6(BINARIA", "atividade-6(BINARIA\atividade-6(BINARIA.csproj", "{9C4666D3-289F-473B-B05A-084E8910AA7F}"
EndProject
Global
	GlobalSection(SolutionConfigurationPlatforms) = preSolution
		Debug|Any CPU = Debug|Any CPU
		Release|Any CPU = Release|Any CPU
	EndGlobalSection
	GlobalSection(ProjectConfigurationPlatforms) = postSolution
		{9C4666D3-289F-473B-B05A-084E8910AA7F}.Debug|Any CPU.ActiveCfg = Debug|Any CPU
		{9C4666D3-289F-473B-B05A-084E8910AA7F}.Debug|Any CPU.Build.0 = Debug|Any CPU
		{9C4666D3-289F-473B-B05A-084E8910AA7F}.Release|Any CPU.ActiveCfg = Release|Any CPU
		{9C4666D3-289F-473B-B05A-084E8910AA7F}.Release|Any CPU.Build.0 = Release|Any CPU
	EndGlobalSection
	GlobalSection(SolutionProperties) = preSolution
		HideSolutionNode = FALSE
	EndGlobalSection
	GlobalSection(ExtensibilityGlobals) = postSolution
		SolutionGuid = {85BE2D77-2AE8-4AD0-9330-5856A164098A}
	EndGlobalSection
EndGlobal
