
Microsoft Visual Studio Solution File, Format Version 12.00
# Visual Studio Version 17
VisualStudioVersion = 17.13.35919.96 d17.13
MinimumVisualStudioVersion = 10.0.40219.1
Project("{FAE04EC0-301F-11D3-BF4B-00C04F79EFBC}") = "atividade-8(LINEAR", "atividade-8(LINEAR\atividade-8(LINEAR.csproj", "{5473707F-78A4-496B-A612-82496893AC0D}"
EndProject
Global
	GlobalSection(SolutionConfigurationPlatforms) = preSolution
		Debug|Any CPU = Debug|Any CPU
		Release|Any CPU = Release|Any CPU
	EndGlobalSection
	GlobalSection(ProjectConfigurationPlatforms) = postSolution
		{5473707F-78A4-496B-A612-82496893AC0D}.Debug|Any CPU.ActiveCfg = Debug|Any CPU
		{5473707F-78A4-496B-A612-82496893AC0D}.Debug|Any CPU.Build.0 = Debug|Any CPU
		{5473707F-78A4-496B-A612-82496893AC0D}.Release|Any CPU.ActiveCfg = Release|Any CPU
		{5473707F-78A4-496B-A612-82496893AC0D}.Release|Any CPU.Build.0 = Release|Any CPU
	EndGlobalSection
	GlobalSection(SolutionProperties) = preSolution
		HideSolutionNode = FALSE
	EndGlobalSection
	GlobalSection(ExtensibilityGlobals) = postSolution
		SolutionGuid = {EF4C66D7-AFEB-4C3E-9427-D792A314F169}
	EndGlobalSection
EndGlobal
