
Microsoft Visual Studio Solution File, Format Version 12.00
# Visual Studio Version 17
VisualStudioVersion = 17.13.35919.96 d17.13
MinimumVisualStudioVersion = 10.0.40219.1
Project("{FAE04EC0-301F-11D3-BF4B-00C04F79EFBC}") = "atividade-5(LINEAR", "atividade-5(LINEAR\atividade-5(LINEAR.csproj", "{D3B00B8C-28D6-4870-BD0D-25FE53EF100B}"
EndProject
Global
	GlobalSection(SolutionConfigurationPlatforms) = preSolution
		Debug|Any CPU = Debug|Any CPU
		Release|Any CPU = Release|Any CPU
	EndGlobalSection
	GlobalSection(ProjectConfigurationPlatforms) = postSolution
		{D3B00B8C-28D6-4870-BD0D-25FE53EF100B}.Debug|Any CPU.ActiveCfg = Debug|Any CPU
		{D3B00B8C-28D6-4870-BD0D-25FE53EF100B}.Debug|Any CPU.Build.0 = Debug|Any CPU
		{D3B00B8C-28D6-4870-BD0D-25FE53EF100B}.Release|Any CPU.ActiveCfg = Release|Any CPU
		{D3B00B8C-28D6-4870-BD0D-25FE53EF100B}.Release|Any CPU.Build.0 = Release|Any CPU
	EndGlobalSection
	GlobalSection(SolutionProperties) = preSolution
		HideSolutionNode = FALSE
	EndGlobalSection
	GlobalSection(ExtensibilityGlobals) = postSolution
		SolutionGuid = {26BA4C6F-4468-4F86-AFAB-F10879554AC6}
	EndGlobalSection
EndGlobal
