
Microsoft Visual Studio Solution File, Format Version 12.00
# Visual Studio Version 17
VisualStudioVersion = 17.13.35919.96 d17.13
MinimumVisualStudioVersion = 10.0.40219.1
Project("{FAE04EC0-301F-11D3-BF4B-00C04F79EFBC}") = "atividade-6(LINEAR", "atividade-6(LINEAR\atividade-6(LINEAR.csproj", "{A04E9F86-6DCF-4EDB-98F4-E895878647A3}"
EndProject
Global
	GlobalSection(SolutionConfigurationPlatforms) = preSolution
		Debug|Any CPU = Debug|Any CPU
		Release|Any CPU = Release|Any CPU
	EndGlobalSection
	GlobalSection(ProjectConfigurationPlatforms) = postSolution
		{A04E9F86-6DCF-4EDB-98F4-E895878647A3}.Debug|Any CPU.ActiveCfg = Debug|Any CPU
		{A04E9F86-6DCF-4EDB-98F4-E895878647A3}.Debug|Any CPU.Build.0 = Debug|Any CPU
		{A04E9F86-6DCF-4EDB-98F4-E895878647A3}.Release|Any CPU.ActiveCfg = Release|Any CPU
		{A04E9F86-6DCF-4EDB-98F4-E895878647A3}.Release|Any CPU.Build.0 = Release|Any CPU
	EndGlobalSection
	GlobalSection(SolutionProperties) = preSolution
		HideSolutionNode = FALSE
	EndGlobalSection
	GlobalSection(ExtensibilityGlobals) = postSolution
		SolutionGuid = {8FA3DD91-339E-4732-9312-01E6563BA6F6}
	EndGlobalSection
EndGlobal
