
Microsoft Visual Studio Solution File, Format Version 12.00
# Visual Studio Version 17
VisualStudioVersion = 17.13.35919.96 d17.13
MinimumVisualStudioVersion = 10.0.40219.1
Project("{FAE04EC0-301F-11D3-BF4B-00C04F79EFBC}") = "atividade-9(BINARIA", "atividade-9(BINARIA\atividade-9(BINARIA.csproj", "{12F18EF1-B15B-4764-951B-B40C07A4091E}"
EndProject
Global
	GlobalSection(SolutionConfigurationPlatforms) = preSolution
		Debug|Any CPU = Debug|Any CPU
		Release|Any CPU = Release|Any CPU
	EndGlobalSection
	GlobalSection(ProjectConfigurationPlatforms) = postSolution
		{12F18EF1-B15B-4764-951B-B40C07A4091E}.Debug|Any CPU.ActiveCfg = Debug|Any CPU
		{12F18EF1-B15B-4764-951B-B40C07A4091E}.Debug|Any CPU.Build.0 = Debug|Any CPU
		{12F18EF1-B15B-4764-951B-B40C07A4091E}.Release|Any CPU.ActiveCfg = Release|Any CPU
		{12F18EF1-B15B-4764-951B-B40C07A4091E}.Release|Any CPU.Build.0 = Release|Any CPU
	EndGlobalSection
	GlobalSection(SolutionProperties) = preSolution
		HideSolutionNode = FALSE
	EndGlobalSection
	GlobalSection(ExtensibilityGlobals) = postSolution
		SolutionGuid = {8C7F4B66-893E-4BDD-AEB1-16476A76BF29}
	EndGlobalSection
EndGlobal
