
Microsoft Visual Studio Solution File, Format Version 12.00
# Visual Studio Version 17
VisualStudioVersion = 17.13.35919.96 d17.13
MinimumVisualStudioVersion = 10.0.40219.1
Project("{FAE04EC0-301F-11D3-BF4B-00C04F79EFBC}") = "atividade-2(BINARIA", "atividade-2(BINARIA\atividade-2(BINARIA.csproj", "{306E99EF-D872-4255-9C6E-D11B6F953F3D}"
EndProject
Global
	GlobalSection(SolutionConfigurationPlatforms) = preSolution
		Debug|Any CPU = Debug|Any CPU
		Release|Any CPU = Release|Any CPU
	EndGlobalSection
	GlobalSection(ProjectConfigurationPlatforms) = postSolution
		{306E99EF-D872-4255-9C6E-D11B6F953F3D}.Debug|Any CPU.ActiveCfg = Debug|Any CPU
		{306E99EF-D872-4255-9C6E-D11B6F953F3D}.Debug|Any CPU.Build.0 = Debug|Any CPU
		{306E99EF-D872-4255-9C6E-D11B6F953F3D}.Release|Any CPU.ActiveCfg = Release|Any CPU
		{306E99EF-D872-4255-9C6E-D11B6F953F3D}.Release|Any CPU.Build.0 = Release|Any CPU
	EndGlobalSection
	GlobalSection(SolutionProperties) = preSolution
		HideSolutionNode = FALSE
	EndGlobalSection
	GlobalSection(ExtensibilityGlobals) = postSolution
		SolutionGuid = {29B197F3-7014-4D2C-A2E6-B4ECC96AC7DC}
	EndGlobalSection
EndGlobal
